{
  "nodes": {
    "beans": {
      "inputs": {
        "naersk": "naersk",
        "nixpkgs": [
          "nixpkgs"
        ],
        "rust-overlay": "rust-overlay",
        "utils": [
          "utils"
        ]
      },
      "locked": {
        "lastModified": 1670242896,
        "narHash": "sha256-3C2DOXLiqqEGa4cD6JWO0MrD6iEddHftbVS+s/yNPZg=",
        "owner": "theblackbeans",
        "repo": "beans",
        "rev": "a433a075527f2574328d23d6a19db070b3e0d3c6",
        "type": "github"
      },
      "original": {
        "owner": "theblackbeans",
        "repo": "beans",
        "type": "github"
      }
    },
    "naersk": {
      "inputs": {
        "nixpkgs": "nixpkgs"
      },
      "locked": {
        "lastModified": 1662220400,
        "narHash": "sha256-9o2OGQqu4xyLZP9K6kNe1pTHnyPz0Wr3raGYnr9AIgY=",
        "owner": "nmattia",
        "repo": "naersk",
        "rev": "6944160c19cb591eb85bbf9b2f2768a935623ed3",
        "type": "github"
      },
      "original": {
        "owner": "nmattia",
        "ref": "master",
        "repo": "naersk",
        "type": "github"
      }
    },
    "naersk_2": {
      "inputs": {
        "nixpkgs": "nixpkgs_2"
      },
      "locked": {
        "lastModified": 1662220400,
        "narHash": "sha256-9o2OGQqu4xyLZP9K6kNe1pTHnyPz0Wr3raGYnr9AIgY=",
        "owner": "nix-community",
        "repo": "naersk",
        "rev": "6944160c19cb591eb85bbf9b2f2768a935623ed3",
        "type": "github"
      },
      "original": {
        "owner": "nix-community",
        "repo": "naersk",
        "type": "github"
      }
    },
    "nixpkgs": {
      "locked": {
        "lastModified": 1667292599,
        "narHash": "sha256-7ISOUI1aj6UKMPIL+wwthENL22L3+A9V+jS8Is3QsRo=",
        "owner": "NixOS",
        "repo": "nixpkgs",
        "rev": "ef2f213d9659a274985778bff4ca322f3ef3ac68",
        "type": "github"
      },
      "original": {
        "id": "nixpkgs",
        "type": "indirect"
      }
    },
    "nixpkgs_2": {
      "locked": {
        "lastModified": 1667379994,
        "narHash": "sha256-PFOg8WHqfKXsIGZtEC0aB+rl8SB1cXvA01ytIudnRh8=",
        "owner": "NixOS",
        "repo": "nixpkgs",
        "rev": "a704b9029586266f63807f64a6718f1a65b0f83b",
        "type": "github"
      },
      "original": {
        "id": "nixpkgs",
        "type": "indirect"
      }
    },
    "nixpkgs_3": {
      "locked": {
        "lastModified": 1667379994,
        "narHash": "sha256-PFOg8WHqfKXsIGZtEC0aB+rl8SB1cXvA01ytIudnRh8=",
        "owner": "NixOS",
        "repo": "nixpkgs",
        "rev": "a704b9029586266f63807f64a6718f1a65b0f83b",
        "type": "github"
      },
      "original": {
        "owner": "NixOS",
        "ref": "nixpkgs-unstable",
        "repo": "nixpkgs",
        "type": "github"
      }
    },
    "root": {
      "inputs": {
        "beans": "beans",
        "naersk": "naersk_2",
        "nixpkgs": "nixpkgs_3",
        "rust-overlay": "rust-overlay_2",
        "utils": "utils"
      }
    },
    "rust-overlay": {
      "inputs": {
        "flake-utils": [
          "beans",
          "utils"
        ],
        "nixpkgs": [
          "beans",
          "nixpkgs"
        ]
      },
      "locked": {
        "lastModified": 1667487142,
        "narHash": "sha256-bVuzLs1ZVggJAbJmEDVO9G6p8BH3HRaolK70KXvnWnU=",
        "owner": "oxalica",
        "repo": "rust-overlay",
        "rev": "cf668f737ac986c0a89e83b6b2e3c5ddbd8cf33b",
        "type": "github"
      },
      "original": {
        "owner": "oxalica",
        "repo": "rust-overlay",
        "type": "github"
      }
    },
    "rust-overlay_2": {
      "inputs": {
        "flake-utils": [
          "utils"
        ],
        "nixpkgs": [
          "nixpkgs"
        ]
      },
      "locked": {
        "lastModified": 1667487142,
        "narHash": "sha256-bVuzLs1ZVggJAbJmEDVO9G6p8BH3HRaolK70KXvnWnU=",
        "owner": "oxalica",
        "repo": "rust-overlay",
        "rev": "cf668f737ac986c0a89e83b6b2e3c5ddbd8cf33b",
        "type": "github"
      },
      "original": {
        "owner": "oxalica",
        "repo": "rust-overlay",
        "type": "github"
      }
    },
    "utils": {
      "locked": {
        "lastModified": 1667395993,
        "narHash": "sha256-nuEHfE/LcWyuSWnS8t12N1wc105Qtau+/OdUAjtQ0rA=",
        "owner": "numtide",
        "repo": "flake-utils",
        "rev": "5aed5285a952e0b949eb3ba02c12fa4fcfef535f",
        "type": "github"
      },
      "original": {
        "owner": "numtide",
        "repo": "flake-utils",
        "type": "github"
      }
    }
  },
  "root": "root",
  "version": 7
}
